
Microsoft Visual Studio Solution File, Format Version 12.00
# Visual Studio Version 17
VisualStudioVersion = 17.11.35303.130
MinimumVisualStudioVersion = 10.0.40219.1
Project("{FAE04EC0-301F-11D3-BF4B-00C04F79EFBC}") = "Lab10", "Lab10\Lab10.csproj", "{812BDB61-6310-4557-818E-2D926E26F225}"
EndProject
Global
	GlobalSection(SolutionConfigurationPlatforms) = preSolution
		Debug|Any CPU = Debug|Any CPU
		Release|Any CPU = Release|Any CPU
	EndGlobalSection
	GlobalSection(ProjectConfigurationPlatforms) = postSolution
		{812BDB61-6310-4557-818E-2D926E26F225}.Debug|Any CPU.ActiveCfg = Debug|Any CPU
		{812BDB61-6310-4557-818E-2D926E26F225}.Debug|Any CPU.Build.0 = Debug|Any CPU
		{812BDB61-6310-4557-818E-2D926E26F225}.Release|Any CPU.ActiveCfg = Release|Any CPU
		{812BDB61-6310-4557-818E-2D926E26F225}.Release|Any CPU.Build.0 = Release|Any CPU
	EndGlobalSection
	GlobalSection(SolutionProperties) = preSolution
		HideSolutionNode = FALSE
	EndGlobalSection
	GlobalSection(ExtensibilityGlobals) = postSolution
		SolutionGuid = {201CFCE9-9D27-45E4-A414-FEC35EA125FE}
	EndGlobalSection
EndGlobal
