
Microsoft Visual Studio Solution File, Format Version 12.00
# Visual Studio Version 17
VisualStudioVersion = 17.11.35303.130
MinimumVisualStudioVersion = 10.0.40219.1
Project("{FAE04EC0-301F-11D3-BF4B-00C04F79EFBC}") = "II sem - lab3", "II sem - lab3\II sem - lab3.csproj", "{145935D5-A3E4-4961-A7C0-913F5A63293C}"
EndProject
Global
	GlobalSection(SolutionConfigurationPlatforms) = preSolution
		Debug|Any CPU = Debug|Any CPU
		Release|Any CPU = Release|Any CPU
	EndGlobalSection
	GlobalSection(ProjectConfigurationPlatforms) = postSolution
		{145935D5-A3E4-4961-A7C0-913F5A63293C}.Debug|Any CPU.ActiveCfg = Debug|Any CPU
		{145935D5-A3E4-4961-A7C0-913F5A63293C}.Debug|Any CPU.Build.0 = Debug|Any CPU
		{145935D5-A3E4-4961-A7C0-913F5A63293C}.Release|Any CPU.ActiveCfg = Release|Any CPU
		{145935D5-A3E4-4961-A7C0-913F5A63293C}.Release|Any CPU.Build.0 = Release|Any CPU
	EndGlobalSection
	GlobalSection(SolutionProperties) = preSolution
		HideSolutionNode = FALSE
	EndGlobalSection
	GlobalSection(ExtensibilityGlobals) = postSolution
		SolutionGuid = {9C173AD7-1046-4B5B-A5D2-C6DB54A4C6A5}
	EndGlobalSection
EndGlobal
