
Microsoft Visual Studio Solution File, Format Version 12.00
# Visual Studio Version 17
VisualStudioVersion = 17.11.35303.130
MinimumVisualStudioVersion = 10.0.40219.1
Project("{FAE04EC0-301F-11D3-BF4B-00C04F79EFBC}") = "Lab4", "Lab4\Lab4.csproj", "{0309A2C9-976A-4BD2-91AE-BB1075A431E8}"
EndProject
Global
	GlobalSection(SolutionConfigurationPlatforms) = preSolution
		Debug|Any CPU = Debug|Any CPU
		Release|Any CPU = Release|Any CPU
	EndGlobalSection
	GlobalSection(ProjectConfigurationPlatforms) = postSolution
		{0309A2C9-976A-4BD2-91AE-BB1075A431E8}.Debug|Any CPU.ActiveCfg = Debug|Any CPU
		{0309A2C9-976A-4BD2-91AE-BB1075A431E8}.Debug|Any CPU.Build.0 = Debug|Any CPU
		{0309A2C9-976A-4BD2-91AE-BB1075A431E8}.Release|Any CPU.ActiveCfg = Release|Any CPU
		{0309A2C9-976A-4BD2-91AE-BB1075A431E8}.Release|Any CPU.Build.0 = Release|Any CPU
	EndGlobalSection
	GlobalSection(SolutionProperties) = preSolution
		HideSolutionNode = FALSE
	EndGlobalSection
	GlobalSection(ExtensibilityGlobals) = postSolution
		SolutionGuid = {47806F0C-3FF7-43D1-9C5D-66A4B50D41B0}
	EndGlobalSection
EndGlobal
